
Microsoft Visual Studio Solution File, Format Version 12.00
# Visual Studio Version 16
VisualStudioVersion = 16.0.30621.155
MinimumVisualStudioVersion = 10.0.40219.1
Project("{F184B08F-C81C-45F6-A57F-5ABD9991F28F}") = "nuTerra", "nuTerra\nuTerra.vbproj", "{62DB32AB-490B-4210-8570-C744B428E69F}"
EndProject
Project("{2150E333-8FDC-42A3-9474-1A3956D46DE8}") = "Solution Items", "Solution Items", "{C034A33B-BAA0-4EBC-B375-92784B1851F6}"
	ProjectSection(SolutionItems) = preProject
		.editorconfig = .editorconfig
	EndProjectSection
EndProject
Project("{F184B08F-C81C-45F6-A57F-5ABD9991F28F}") = "nuTerraWPF", "nuTerraWPF\nuTerraWPF.vbproj", "{5D452983-0738-43A9-83E0-A402E4ABAB48}"
EndProject
Global
	GlobalSection(SolutionConfigurationPlatforms) = preSolution
		Debug|Any CPU = Debug|Any CPU
		Debug|x64 = Debug|x64
		Debug|x86 = Debug|x86
		Release|Any CPU = Release|Any CPU
		Release|x64 = Release|x64
		Release|x86 = Release|x86
	EndGlobalSection
	GlobalSection(ProjectConfigurationPlatforms) = postSolution
		{62DB32AB-490B-4210-8570-C744B428E69F}.Debug|Any CPU.ActiveCfg = Debug|x86
		{62DB32AB-490B-4210-8570-C744B428E69F}.Debug|Any CPU.Build.0 = Debug|x86
		{62DB32AB-490B-4210-8570-C744B428E69F}.Debug|x64.ActiveCfg = Debug|x64
		{62DB32AB-490B-4210-8570-C744B428E69F}.Debug|x64.Build.0 = Debug|x64
		{62DB32AB-490B-4210-8570-C744B428E69F}.Debug|x86.ActiveCfg = Debug|x86
		{62DB32AB-490B-4210-8570-C744B428E69F}.Debug|x86.Build.0 = Debug|x86
		{62DB32AB-490B-4210-8570-C744B428E69F}.Debug|x86.Deploy.0 = Debug|x86
		{62DB32AB-490B-4210-8570-C744B428E69F}.Release|Any CPU.ActiveCfg = Release|Any CPU
		{62DB32AB-490B-4210-8570-C744B428E69F}.Release|Any CPU.Build.0 = Release|Any CPU
		{62DB32AB-490B-4210-8570-C744B428E69F}.Release|x64.ActiveCfg = Release|x64
		{62DB32AB-490B-4210-8570-C744B428E69F}.Release|x64.Build.0 = Release|x64
		{62DB32AB-490B-4210-8570-C744B428E69F}.Release|x86.ActiveCfg = Release|x86
		{62DB32AB-490B-4210-8570-C744B428E69F}.Release|x86.Build.0 = Release|x86
		{5D452983-0738-43A9-83E0-A402E4ABAB48}.Debug|Any CPU.ActiveCfg = Debug|Any CPU
		{5D452983-0738-43A9-83E0-A402E4ABAB48}.Debug|Any CPU.Build.0 = Debug|Any CPU
		{5D452983-0738-43A9-83E0-A402E4ABAB48}.Debug|x64.ActiveCfg = Debug|Any CPU
		{5D452983-0738-43A9-83E0-A402E4ABAB48}.Debug|x64.Build.0 = Debug|Any CPU
		{5D452983-0738-43A9-83E0-A402E4ABAB48}.Debug|x86.ActiveCfg = Debug|Any CPU
		{5D452983-0738-43A9-83E0-A402E4ABAB48}.Debug|x86.Build.0 = Debug|Any CPU
		{5D452983-0738-43A9-83E0-A402E4ABAB48}.Release|Any CPU.ActiveCfg = Release|Any CPU
		{5D452983-0738-43A9-83E0-A402E4ABAB48}.Release|Any CPU.Build.0 = Release|Any CPU
		{5D452983-0738-43A9-83E0-A402E4ABAB48}.Release|x64.ActiveCfg = Release|Any CPU
		{5D452983-0738-43A9-83E0-A402E4ABAB48}.Release|x64.Build.0 = Release|Any CPU
		{5D452983-0738-43A9-83E0-A402E4ABAB48}.Release|x86.ActiveCfg = Release|Any CPU
		{5D452983-0738-43A9-83E0-A402E4ABAB48}.Release|x86.Build.0 = Release|Any CPU
	EndGlobalSection
	GlobalSection(SolutionProperties) = preSolution
		HideSolutionNode = FALSE
	EndGlobalSection
	GlobalSection(ExtensibilityGlobals) = postSolution
		SolutionGuid = {3BAEB373-F151-4230-B29D-942B68151F02}
	EndGlobalSection
EndGlobal
